
Microsoft Visual Studio Solution File, Format Version 12.00
# Visual Studio Version 17
VisualStudioVersion = 17.5.33103.201
MinimumVisualStudioVersion = 10.0.40219.1
Project("{FAE04EC0-301F-11D3-BF4B-00C04F79EFBC}") = "PassReset", "PassReset.csproj", "{F393E7FF-DCEA-49F8-B357-19E157F9CFC3}"
EndProject
Global
	GlobalSection(SolutionConfigurationPlatforms) = preSolution
		Debug|Any CPU = Debug|Any CPU
		Release|Any CPU = Release|Any CPU
	EndGlobalSection
	GlobalSection(ProjectConfigurationPlatforms) = postSolution
		{F393E7FF-DCEA-49F8-B357-19E157F9CFC3}.Debug|Any CPU.ActiveCfg = Debug|Any CPU
		{F393E7FF-DCEA-49F8-B357-19E157F9CFC3}.Debug|Any CPU.Build.0 = Debug|Any CPU
		{F393E7FF-DCEA-49F8-B357-19E157F9CFC3}.Release|Any CPU.ActiveCfg = Release|Any CPU
		{F393E7FF-DCEA-49F8-B357-19E157F9CFC3}.Release|Any CPU.Build.0 = Release|Any CPU
	EndGlobalSection
	GlobalSection(SolutionProperties) = preSolution
		HideSolutionNode = FALSE
	EndGlobalSection
	GlobalSection(ExtensibilityGlobals) = postSolution
		SolutionGuid = {F0E45B47-03B3-43C2-B0D0-38CDBD482803}
	EndGlobalSection
EndGlobal
